<?xml version="1.0" encoding="utf-8"?>
<Project ToolsVersion="4.0" xmlns="http://schemas.microsoft.com/developer/msbuild/2003">
  <ItemGroup>
    <Filter Include="Source Files">
      <UniqueIdentifier>{aad8d05f-3c08-42aa-b9c7-46a294ae528a}</UniqueIdentifier>
      <Extensions>cpp;c;cxx;rc;def;r;odl;idl;hpj;bat</Extensions>
    </Filter>
    <Filter Include="Header Files">
      <UniqueIdentifier>{302f9d1f-ba96-4682-9d3e-d1ecb94eecc0}</UniqueIdentifier>
      <Extensions>h;hpp;hxx;hm;inl</Extensions>
    </Filter>
    <Filter Include="Resource Files">
      <UniqueIdentifier>{6b0df067-95e9-484a-a03b-11d31c560d46}</UniqueIdentifier>
      <Extensions>ico;cur;bmp;dlg;rc2;rct;bin;rgs;gif;jpg;jpeg;jpe</Extensions>
    </Filter>
  </ItemGroup>
  <ItemGroup>
    <ClCompile Include="Attribute.cpp">
      <Filter>Source Files</Filter>
    </ClCompile>
    <ClCompile Include="AttributeNameDlg.cpp">
      <Filter>Source Files</Filter>
    </ClCompile>
    <ClCompile Include="AttributesSet.cpp">
      <Filter>Source Files</Filter>
    </ClCompile>
    <ClCompile Include="AttributeType.cpp">
      <Filter>Source Files</Filter>
    </ClCompile>
    <ClCompile Include="AttributeTypeSet.cpp">
      <Filter>Source Files</Filter>
    </ClCompile>
    <ClCompile Include="BinDBCreator.cpp">
      <Filter>Source Files</Filter>
    </ClCompile>
    <ClCompile Include="BinDBQuery.cpp">
      <Filter>Source Files</Filter>
    </ClCompile>
    <ClCompile Include="DataDatumDlg.cpp">
      <Filter>Source Files</Filter>
    </ClCompile>
    <ClCompile Include="DataDatumIntervallumDlg.cpp">
      <Filter>Source Files</Filter>
    </ClCompile>
    <ClCompile Include="DataDictAppendDlg.cpp">
      <Filter>Source Files</Filter>
    </ClCompile>
    <ClCompile Include="DataDictStrongDlg.cpp">
      <Filter>Source Files</Filter>
    </ClCompile>
    <ClCompile Include="DataNamesDlg.cpp">
      <Filter>Source Files</Filter>
    </ClCompile>
    <ClCompile Include="DataSelDlg.cpp">
      <Filter>Source Files</Filter>
    </ClCompile>
    <ClCompile Include="DataTextDlg.cpp">
      <Filter>Source Files</Filter>
    </ClCompile>
    <ClCompile Include="DataTypeSet.cpp">
      <Filter>Source Files</Filter>
    </ClCompile>
    <ClCompile Include="Dictionary.cpp">
      <Filter>Source Files</Filter>
    </ClCompile>
    <ClCompile Include="DictionarySet.cpp">
      <Filter>Source Files</Filter>
    </ClCompile>
    <ClCompile Include="ExportDlg.cpp">
      <Filter>Source Files</Filter>
    </ClCompile>
    <ClCompile Include="FontCombo.cpp">
      <Filter>Source Files</Filter>
    </ClCompile>
    <ClCompile Include="ImportDlg.cpp">
      <Filter>Source Files</Filter>
    </ClCompile>
    <ClCompile Include="ListCtrlPrint.cpp">
      <Filter>Source Files</Filter>
    </ClCompile>
    <ClCompile Include="OptionsDlg.cpp">
      <Filter>Source Files</Filter>
    </ClCompile>
    <ClCompile Include="OptionsVerDlg.cpp">
      <Filter>Source Files</Filter>
    </ClCompile>
    <ClCompile Include="PersonSet.cpp">
      <Filter>Source Files</Filter>
    </ClCompile>
    <ClCompile Include="PrinterJob.cpp">
      <Filter>Source Files</Filter>
    </ClCompile>
    <ClCompile Include="PrintOptionsDlg.cpp">
      <Filter>Source Files</Filter>
    </ClCompile>
    <ClCompile Include="PrintStatus.cpp">
      <Filter>Source Files</Filter>
    </ClCompile>
    <ClCompile Include="ProgDlg.cpp">
      <Filter>Source Files</Filter>
    </ClCompile>
    <ClCompile Include="QueryDlg.cpp">
      <Filter>Source Files</Filter>
    </ClCompile>
    <ClCompile Include="ResultDlg.cpp">
      <Filter>Source Files</Filter>
    </ClCompile>
    <ClCompile Include="ResultOptionDlg.cpp">
      <Filter>Source Files</Filter>
    </ClCompile>
    <ClCompile Include="SelDbToBinDlg.cpp">
      <Filter>Source Files</Filter>
    </ClCompile>
    <ClCompile Include="SrcDBDlg.cpp">
      <Filter>Source Files</Filter>
    </ClCompile>
    <ClCompile Include="SrcDBSet.cpp">
      <Filter>Source Files</Filter>
    </ClCompile>
    <ClCompile Include="StaffDlg.cpp">
      <Filter>Source Files</Filter>
    </ClCompile>
    <ClCompile Include="StdAfx.cpp">
      <Filter>Source Files</Filter>
    </ClCompile>
    <ClCompile Include="TXTImportDlg.cpp">
      <Filter>Source Files</Filter>
    </ClCompile>
    <ClCompile Include="VerifyDlg.cpp">
      <Filter>Source Files</Filter>
    </ClCompile>
    <ClCompile Include="WorkDB.cpp">
      <Filter>Source Files</Filter>
    </ClCompile>
    <ClCompile Include="WorkDBDlg.cpp">
      <Filter>Source Files</Filter>
    </ClCompile>
  </ItemGroup>
  <ItemGroup>
    <ResourceCompile Include="WorkDB.rc">
      <Filter>Source Files</Filter>
    </ResourceCompile>
  </ItemGroup>
  <ItemGroup>
    <ClInclude Include="Attribute.h">
      <Filter>Header Files</Filter>
    </ClInclude>
    <ClInclude Include="AttributeNameDlg.h">
      <Filter>Header Files</Filter>
    </ClInclude>
    <ClInclude Include="AttributesSet.h">
      <Filter>Header Files</Filter>
    </ClInclude>
    <ClInclude Include="AttributeType.h">
      <Filter>Header Files</Filter>
    </ClInclude>
    <ClInclude Include="AttributeTypeSet.h">
      <Filter>Header Files</Filter>
    </ClInclude>
    <ClInclude Include="BinDBCreator.h">
      <Filter>Header Files</Filter>
    </ClInclude>
    <ClInclude Include="BinDBQuery.h">
      <Filter>Header Files</Filter>
    </ClInclude>
    <ClInclude Include="DataDatumDlg.h">
      <Filter>Header Files</Filter>
    </ClInclude>
    <ClInclude Include="DataDatumIntervallumDlg.h">
      <Filter>Header Files</Filter>
    </ClInclude>
    <ClInclude Include="DataDictAppendDlg.h">
      <Filter>Header Files</Filter>
    </ClInclude>
    <ClInclude Include="DataDictStrongDlg.h">
      <Filter>Header Files</Filter>
    </ClInclude>
    <ClInclude Include="DataNamesDlg.h">
      <Filter>Header Files</Filter>
    </ClInclude>
    <ClInclude Include="DataSelDlg.h">
      <Filter>Header Files</Filter>
    </ClInclude>
    <ClInclude Include="DataTextDlg.h">
      <Filter>Header Files</Filter>
    </ClInclude>
    <ClInclude Include="DataTypeSet.h">
      <Filter>Header Files</Filter>
    </ClInclude>
    <ClInclude Include="Dictionary.h">
      <Filter>Header Files</Filter>
    </ClInclude>
    <ClInclude Include="DictionarySet.h">
      <Filter>Header Files</Filter>
    </ClInclude>
    <ClInclude Include="ExportDlg.h">
      <Filter>Header Files</Filter>
    </ClInclude>
    <ClInclude Include="FontCombo.h">
      <Filter>Header Files</Filter>
    </ClInclude>
    <ClInclude Include="ImportDlg.h">
      <Filter>Header Files</Filter>
    </ClInclude>
    <ClInclude Include="ListCtrlPrint.h">
      <Filter>Header Files</Filter>
    </ClInclude>
    <ClInclude Include="OptionsDlg.h">
      <Filter>Header Files</Filter>
    </ClInclude>
    <ClInclude Include="OptionsVerDlg.h">
      <Filter>Header Files</Filter>
    </ClInclude>
    <ClInclude Include="PersonSet.h">
      <Filter>Header Files</Filter>
    </ClInclude>
    <ClInclude Include="PrinterJob.h">
      <Filter>Header Files</Filter>
    </ClInclude>
    <ClInclude Include="PrintOptionsDlg.h">
      <Filter>Header Files</Filter>
    </ClInclude>
    <ClInclude Include="PrintStatus.h">
      <Filter>Header Files</Filter>
    </ClInclude>
    <ClInclude Include="ProgDlg.h">
      <Filter>Header Files</Filter>
    </ClInclude>
    <ClInclude Include="QueryDlg.h">
      <Filter>Header Files</Filter>
    </ClInclude>
    <ClInclude Include="Resource.h">
      <Filter>Header Files</Filter>
    </ClInclude>
    <ClInclude Include="ResultDlg.h">
      <Filter>Header Files</Filter>
    </ClInclude>
    <ClInclude Include="ResultOptionDlg.h">
      <Filter>Header Files</Filter>
    </ClInclude>
    <ClInclude Include="SelDbToBinDlg.h">
      <Filter>Header Files</Filter>
    </ClInclude>
    <ClInclude Include="SrcDBDlg.h">
      <Filter>Header Files</Filter>
    </ClInclude>
    <ClInclude Include="SrcDBSet.h">
      <Filter>Header Files</Filter>
    </ClInclude>
    <ClInclude Include="StaffDlg.h">
      <Filter>Header Files</Filter>
    </ClInclude>
    <ClInclude Include="StdAfx.h">
      <Filter>Header Files</Filter>
    </ClInclude>
    <ClInclude Include="TXTImportDlg.h">
      <Filter>Header Files</Filter>
    </ClInclude>
    <ClInclude Include="VerifyDlg.h">
      <Filter>Header Files</Filter>
    </ClInclude>
    <ClInclude Include="WorkDB.h">
      <Filter>Header Files</Filter>
    </ClInclude>
    <ClInclude Include="WorkDBDlg.h">
      <Filter>Header Files</Filter>
    </ClInclude>
  </ItemGroup>
  <ItemGroup>
    <Image Include="res\WorkDB.ico">
      <Filter>Resource Files</Filter>
    </Image>
  </ItemGroup>
  <ItemGroup>
    <None Include="res\WorkDB.rc2">
      <Filter>Resource Files</Filter>
    </None>
    <None Include="res\file_dbl.avi" />
  </ItemGroup>
  <ItemGroup>
    <Text Include="ReadMe.txt" />
  </ItemGroup>
</Project>